
Microsoft Visual Studio Solution File, Format Version 12.00
# Visual Studio Version 16
VisualStudioVersion = 16.0.31624.102
MinimumVisualStudioVersion = 10.0.40219.1
Project("{9A19103F-16F7-4668-BE54-9A1E7A4F7556}") = "BookDigitalizer.Core", "src\BookDigitalizer.Core\BookDigitalizer.Core.csproj", "{6A659BCE-4227-40DE-8F4D-FF0C540F8573}"
EndProject
Project("{9A19103F-16F7-4668-BE54-9A1E7A4F7556}") = "BookDigitalizer.UI", "src\BookDigitalizer.UI\BookDigitalizer.UI.csproj", "{B987C460-46F8-4DD0-B64C-71A62BDECEC1}"
EndProject
Project("{FAE04EC0-301F-11D3-BF4B-00C04F79EFBC}") = "BookDigitalizer.Droid", "src\BookDigitalizer.Droid\BookDigitalizer.Droid.csproj", "{FB1F775D-3EC2-44C8-8100-50174EB104F6}"
EndProject
Project("{FAE04EC0-301F-11D3-BF4B-00C04F79EFBC}") = "BookDigitalizer.iOS", "src\BookDigitalizer.iOS\BookDigitalizer.iOS.csproj", "{872A0E69-EB0C-49AA-BAEF-19870BE44843}"
EndProject
Project("{2150E333-8FDC-42A3-9474-1A3956D46DE8}") = "!Solution Items", "!Solution Items", "{40028AA8-BF46-4670-84FA-8BEEA4D07D12}"
	ProjectSection(SolutionItems) = preProject
		.editorconfig = .editorconfig
	EndProjectSection
EndProject
Project("{2150E333-8FDC-42A3-9474-1A3956D46DE8}") = "src", "src", "{3B7EEAB4-6480-4B77-84BD-8DB7B2470999}"
EndProject
Project("{9A19103F-16F7-4668-BE54-9A1E7A4F7556}") = "OpenCvSharp", "src\OpenCv\OpenCvSharp\OpenCvSharp.csproj", "{03CE3015-A733-4DB2-BFBE-4F7C37805037}"
EndProject
Project("{FAE04EC0-301F-11D3-BF4B-00C04F79EFBC}") = "OpenCvSharp.Android", "src\OpenCv\OpenCvSharp.Android\OpenCvSharp.Android.csproj", "{F94F9E8A-E239-45EA-9C61-C7855C8B6F25}"
EndProject
Project("{FAE04EC0-301F-11D3-BF4B-00C04F79EFBC}") = "OpenCvSharp.Windows", "src\OpenCv\OpenCvSharp.Windows\OpenCvSharp.Windows.csproj", "{D7856971-D877-4CB1-A08C-C2A763EBFAD1}"
EndProject
Project("{8BC9CEB8-8B4A-11D0-8D11-00A0C91BC942}") = "OpenCvSharpExtern", "src\OpenCv\OpenCvSharpExtern\OpenCvSharpExtern.vcxproj", "{8E7279F8-F801-4672-B42F-1ED2C68B16A4}"
EndProject
Project("{8BC9CEB8-8B4A-11D0-8D11-00A0C91BC942}") = "OpenCvSharpExternDroid", "src\OpenCv\OpenCvSharpExternDroid\OpenCvSharpExternDroid.vcxproj", "{707296F9-6AEF-4548-A66D-4CF3E5795B1A}"
EndProject
Project("{9A19103F-16F7-4668-BE54-9A1E7A4F7556}") = "BookDigitalizer.CoreTests", "src\BookDigitalizer.CoreTests\BookDigitalizer.CoreTests.csproj", "{405F5C9F-33AB-450A-9DD0-1D98ECE19E73}"
EndProject
Project("{FAE04EC0-301F-11D3-BF4B-00C04F79EFBC}") = "OpenCvSharp.Android2", "OpenCvSharp.Android2\OpenCvSharp.Android2.csproj", "{EE8E0CD5-E380-472E-B26C-BF921B1DB23D}"
EndProject
Global
	GlobalSection(SolutionConfigurationPlatforms) = preSolution
		Debug|Any CPU = Debug|Any CPU
		Debug|ARM = Debug|ARM
		Debug|ARM64 = Debug|ARM64
		Debug|iPhone = Debug|iPhone
		Debug|iPhoneSimulator = Debug|iPhoneSimulator
		Debug|x64 = Debug|x64
		Debug|x86 = Debug|x86
		Release|Any CPU = Release|Any CPU
		Release|ARM = Release|ARM
		Release|ARM64 = Release|ARM64
		Release|iPhone = Release|iPhone
		Release|iPhoneSimulator = Release|iPhoneSimulator
		Release|x64 = Release|x64
		Release|x86 = Release|x86
	EndGlobalSection
	GlobalSection(ProjectConfigurationPlatforms) = postSolution
		{6A659BCE-4227-40DE-8F4D-FF0C540F8573}.Debug|Any CPU.ActiveCfg = Debug|Any CPU
		{6A659BCE-4227-40DE-8F4D-FF0C540F8573}.Debug|Any CPU.Build.0 = Debug|Any CPU
		{6A659BCE-4227-40DE-8F4D-FF0C540F8573}.Debug|ARM.ActiveCfg = Debug|Any CPU
		{6A659BCE-4227-40DE-8F4D-FF0C540F8573}.Debug|ARM.Build.0 = Debug|Any CPU
		{6A659BCE-4227-40DE-8F4D-FF0C540F8573}.Debug|ARM64.ActiveCfg = Debug|Any CPU
		{6A659BCE-4227-40DE-8F4D-FF0C540F8573}.Debug|ARM64.Build.0 = Debug|Any CPU
		{6A659BCE-4227-40DE-8F4D-FF0C540F8573}.Debug|iPhone.ActiveCfg = Debug|Any CPU
		{6A659BCE-4227-40DE-8F4D-FF0C540F8573}.Debug|iPhone.Build.0 = Debug|Any CPU
		{6A659BCE-4227-40DE-8F4D-FF0C540F8573}.Debug|iPhoneSimulator.ActiveCfg = Debug|Any CPU
		{6A659BCE-4227-40DE-8F4D-FF0C540F8573}.Debug|iPhoneSimulator.Build.0 = Debug|Any CPU
		{6A659BCE-4227-40DE-8F4D-FF0C540F8573}.Debug|x64.ActiveCfg = Debug|Any CPU
		{6A659BCE-4227-40DE-8F4D-FF0C540F8573}.Debug|x64.Build.0 = Debug|Any CPU
		{6A659BCE-4227-40DE-8F4D-FF0C540F8573}.Debug|x86.ActiveCfg = Debug|Any CPU
		{6A659BCE-4227-40DE-8F4D-FF0C540F8573}.Debug|x86.Build.0 = Debug|Any CPU
		{6A659BCE-4227-40DE-8F4D-FF0C540F8573}.Release|Any CPU.ActiveCfg = Release|Any CPU
		{6A659BCE-4227-40DE-8F4D-FF0C540F8573}.Release|Any CPU.Build.0 = Release|Any CPU
		{6A659BCE-4227-40DE-8F4D-FF0C540F8573}.Release|ARM.ActiveCfg = Release|Any CPU
		{6A659BCE-4227-40DE-8F4D-FF0C540F8573}.Release|ARM.Build.0 = Release|Any CPU
		{6A659BCE-4227-40DE-8F4D-FF0C540F8573}.Release|ARM64.ActiveCfg = Release|Any CPU
		{6A659BCE-4227-40DE-8F4D-FF0C540F8573}.Release|ARM64.Build.0 = Release|Any CPU
		{6A659BCE-4227-40DE-8F4D-FF0C540F8573}.Release|iPhone.ActiveCfg = Release|Any CPU
		{6A659BCE-4227-40DE-8F4D-FF0C540F8573}.Release|iPhone.Build.0 = Release|Any CPU
		{6A659BCE-4227-40DE-8F4D-FF0C540F8573}.Release|iPhoneSimulator.ActiveCfg = Release|Any CPU
		{6A659BCE-4227-40DE-8F4D-FF0C540F8573}.Release|iPhoneSimulator.Build.0 = Release|Any CPU
		{6A659BCE-4227-40DE-8F4D-FF0C540F8573}.Release|x64.ActiveCfg = Release|Any CPU
		{6A659BCE-4227-40DE-8F4D-FF0C540F8573}.Release|x64.Build.0 = Release|Any CPU
		{6A659BCE-4227-40DE-8F4D-FF0C540F8573}.Release|x86.ActiveCfg = Release|Any CPU
		{6A659BCE-4227-40DE-8F4D-FF0C540F8573}.Release|x86.Build.0 = Release|Any CPU
		{B987C460-46F8-4DD0-B64C-71A62BDECEC1}.Debug|Any CPU.ActiveCfg = Debug|Any CPU
		{B987C460-46F8-4DD0-B64C-71A62BDECEC1}.Debug|Any CPU.Build.0 = Debug|Any CPU
		{B987C460-46F8-4DD0-B64C-71A62BDECEC1}.Debug|ARM.ActiveCfg = Debug|Any CPU
		{B987C460-46F8-4DD0-B64C-71A62BDECEC1}.Debug|ARM.Build.0 = Debug|Any CPU
		{B987C460-46F8-4DD0-B64C-71A62BDECEC1}.Debug|ARM64.ActiveCfg = Debug|Any CPU
		{B987C460-46F8-4DD0-B64C-71A62BDECEC1}.Debug|ARM64.Build.0 = Debug|Any CPU
		{B987C460-46F8-4DD0-B64C-71A62BDECEC1}.Debug|iPhone.ActiveCfg = Debug|Any CPU
		{B987C460-46F8-4DD0-B64C-71A62BDECEC1}.Debug|iPhone.Build.0 = Debug|Any CPU
		{B987C460-46F8-4DD0-B64C-71A62BDECEC1}.Debug|iPhoneSimulator.ActiveCfg = Debug|Any CPU
		{B987C460-46F8-4DD0-B64C-71A62BDECEC1}.Debug|iPhoneSimulator.Build.0 = Debug|Any CPU
		{B987C460-46F8-4DD0-B64C-71A62BDECEC1}.Debug|x64.ActiveCfg = Debug|Any CPU
		{B987C460-46F8-4DD0-B64C-71A62BDECEC1}.Debug|x64.Build.0 = Debug|Any CPU
		{B987C460-46F8-4DD0-B64C-71A62BDECEC1}.Debug|x86.ActiveCfg = Debug|Any CPU
		{B987C460-46F8-4DD0-B64C-71A62BDECEC1}.Debug|x86.Build.0 = Debug|Any CPU
		{B987C460-46F8-4DD0-B64C-71A62BDECEC1}.Release|Any CPU.ActiveCfg = Release|Any CPU
		{B987C460-46F8-4DD0-B64C-71A62BDECEC1}.Release|Any CPU.Build.0 = Release|Any CPU
		{B987C460-46F8-4DD0-B64C-71A62BDECEC1}.Release|ARM.ActiveCfg = Release|Any CPU
		{B987C460-46F8-4DD0-B64C-71A62BDECEC1}.Release|ARM.Build.0 = Release|Any CPU
		{B987C460-46F8-4DD0-B64C-71A62BDECEC1}.Release|ARM64.ActiveCfg = Release|Any CPU
		{B987C460-46F8-4DD0-B64C-71A62BDECEC1}.Release|ARM64.Build.0 = Release|Any CPU
		{B987C460-46F8-4DD0-B64C-71A62BDECEC1}.Release|iPhone.ActiveCfg = Release|Any CPU
		{B987C460-46F8-4DD0-B64C-71A62BDECEC1}.Release|iPhone.Build.0 = Release|Any CPU
		{B987C460-46F8-4DD0-B64C-71A62BDECEC1}.Release|iPhoneSimulator.ActiveCfg = Release|Any CPU
		{B987C460-46F8-4DD0-B64C-71A62BDECEC1}.Release|iPhoneSimulator.Build.0 = Release|Any CPU
		{B987C460-46F8-4DD0-B64C-71A62BDECEC1}.Release|x64.ActiveCfg = Release|Any CPU
		{B987C460-46F8-4DD0-B64C-71A62BDECEC1}.Release|x64.Build.0 = Release|Any CPU
		{B987C460-46F8-4DD0-B64C-71A62BDECEC1}.Release|x86.ActiveCfg = Release|Any CPU
		{B987C460-46F8-4DD0-B64C-71A62BDECEC1}.Release|x86.Build.0 = Release|Any CPU
		{FB1F775D-3EC2-44C8-8100-50174EB104F6}.Debug|Any CPU.ActiveCfg = Debug|Any CPU
		{FB1F775D-3EC2-44C8-8100-50174EB104F6}.Debug|Any CPU.Build.0 = Debug|Any CPU
		{FB1F775D-3EC2-44C8-8100-50174EB104F6}.Debug|Any CPU.Deploy.0 = Debug|Any CPU
		{FB1F775D-3EC2-44C8-8100-50174EB104F6}.Debug|ARM.ActiveCfg = Debug|Any CPU
		{FB1F775D-3EC2-44C8-8100-50174EB104F6}.Debug|ARM.Build.0 = Debug|Any CPU
		{FB1F775D-3EC2-44C8-8100-50174EB104F6}.Debug|ARM.Deploy.0 = Debug|Any CPU
		{FB1F775D-3EC2-44C8-8100-50174EB104F6}.Debug|ARM64.ActiveCfg = Debug|Any CPU
		{FB1F775D-3EC2-44C8-8100-50174EB104F6}.Debug|ARM64.Build.0 = Debug|Any CPU
		{FB1F775D-3EC2-44C8-8100-50174EB104F6}.Debug|ARM64.Deploy.0 = Debug|Any CPU
		{FB1F775D-3EC2-44C8-8100-50174EB104F6}.Debug|iPhone.ActiveCfg = Debug|Any CPU
		{FB1F775D-3EC2-44C8-8100-50174EB104F6}.Debug|iPhone.Build.0 = Debug|Any CPU
		{FB1F775D-3EC2-44C8-8100-50174EB104F6}.Debug|iPhone.Deploy.0 = Debug|Any CPU
		{FB1F775D-3EC2-44C8-8100-50174EB104F6}.Debug|iPhoneSimulator.ActiveCfg = Debug|Any CPU
		{FB1F775D-3EC2-44C8-8100-50174EB104F6}.Debug|iPhoneSimulator.Build.0 = Debug|Any CPU
		{FB1F775D-3EC2-44C8-8100-50174EB104F6}.Debug|iPhoneSimulator.Deploy.0 = Debug|Any CPU
		{FB1F775D-3EC2-44C8-8100-50174EB104F6}.Debug|x64.ActiveCfg = Debug|Any CPU
		{FB1F775D-3EC2-44C8-8100-50174EB104F6}.Debug|x64.Build.0 = Debug|Any CPU
		{FB1F775D-3EC2-44C8-8100-50174EB104F6}.Debug|x64.Deploy.0 = Debug|Any CPU
		{FB1F775D-3EC2-44C8-8100-50174EB104F6}.Debug|x86.ActiveCfg = Debug|Any CPU
		{FB1F775D-3EC2-44C8-8100-50174EB104F6}.Debug|x86.Build.0 = Debug|Any CPU
		{FB1F775D-3EC2-44C8-8100-50174EB104F6}.Debug|x86.Deploy.0 = Debug|Any CPU
		{FB1F775D-3EC2-44C8-8100-50174EB104F6}.Release|Any CPU.ActiveCfg = Release|Any CPU
		{FB1F775D-3EC2-44C8-8100-50174EB104F6}.Release|Any CPU.Build.0 = Release|Any CPU
		{FB1F775D-3EC2-44C8-8100-50174EB104F6}.Release|Any CPU.Deploy.0 = Release|Any CPU
		{FB1F775D-3EC2-44C8-8100-50174EB104F6}.Release|ARM.ActiveCfg = Release|Any CPU
		{FB1F775D-3EC2-44C8-8100-50174EB104F6}.Release|ARM.Build.0 = Release|Any CPU
		{FB1F775D-3EC2-44C8-8100-50174EB104F6}.Release|ARM.Deploy.0 = Release|Any CPU
		{FB1F775D-3EC2-44C8-8100-50174EB104F6}.Release|ARM64.ActiveCfg = Release|Any CPU
		{FB1F775D-3EC2-44C8-8100-50174EB104F6}.Release|ARM64.Build.0 = Release|Any CPU
		{FB1F775D-3EC2-44C8-8100-50174EB104F6}.Release|ARM64.Deploy.0 = Release|Any CPU
		{FB1F775D-3EC2-44C8-8100-50174EB104F6}.Release|iPhone.ActiveCfg = Release|Any CPU
		{FB1F775D-3EC2-44C8-8100-50174EB104F6}.Release|iPhone.Build.0 = Release|Any CPU
		{FB1F775D-3EC2-44C8-8100-50174EB104F6}.Release|iPhone.Deploy.0 = Release|Any CPU
		{FB1F775D-3EC2-44C8-8100-50174EB104F6}.Release|iPhoneSimulator.ActiveCfg = Release|Any CPU
		{FB1F775D-3EC2-44C8-8100-50174EB104F6}.Release|iPhoneSimulator.Build.0 = Release|Any CPU
		{FB1F775D-3EC2-44C8-8100-50174EB104F6}.Release|iPhoneSimulator.Deploy.0 = Release|Any CPU
		{FB1F775D-3EC2-44C8-8100-50174EB104F6}.Release|x64.ActiveCfg = Release|Any CPU
		{FB1F775D-3EC2-44C8-8100-50174EB104F6}.Release|x64.Build.0 = Release|Any CPU
		{FB1F775D-3EC2-44C8-8100-50174EB104F6}.Release|x64.Deploy.0 = Release|Any CPU
		{FB1F775D-3EC2-44C8-8100-50174EB104F6}.Release|x86.ActiveCfg = Release|Any CPU
		{FB1F775D-3EC2-44C8-8100-50174EB104F6}.Release|x86.Build.0 = Release|Any CPU
		{FB1F775D-3EC2-44C8-8100-50174EB104F6}.Release|x86.Deploy.0 = Release|Any CPU
		{872A0E69-EB0C-49AA-BAEF-19870BE44843}.Debug|Any CPU.ActiveCfg = Debug|iPhone
		{872A0E69-EB0C-49AA-BAEF-19870BE44843}.Debug|Any CPU.Build.0 = Debug|iPhone
		{872A0E69-EB0C-49AA-BAEF-19870BE44843}.Debug|ARM.ActiveCfg = Debug|iPhone
		{872A0E69-EB0C-49AA-BAEF-19870BE44843}.Debug|ARM64.ActiveCfg = Debug|iPhoneSimulator
		{872A0E69-EB0C-49AA-BAEF-19870BE44843}.Debug|iPhone.ActiveCfg = Debug|iPhone
		{872A0E69-EB0C-49AA-BAEF-19870BE44843}.Debug|iPhone.Build.0 = Debug|iPhone
		{872A0E69-EB0C-49AA-BAEF-19870BE44843}.Debug|iPhone.Deploy.0 = Debug|iPhone
		{872A0E69-EB0C-49AA-BAEF-19870BE44843}.Debug|iPhoneSimulator.ActiveCfg = Debug|iPhoneSimulator
		{872A0E69-EB0C-49AA-BAEF-19870BE44843}.Debug|iPhoneSimulator.Build.0 = Debug|iPhoneSimulator
		{872A0E69-EB0C-49AA-BAEF-19870BE44843}.Debug|iPhoneSimulator.Deploy.0 = Debug|iPhoneSimulator
		{872A0E69-EB0C-49AA-BAEF-19870BE44843}.Debug|x64.ActiveCfg = Debug|iPhone
		{872A0E69-EB0C-49AA-BAEF-19870BE44843}.Debug|x86.ActiveCfg = Debug|iPhone
		{872A0E69-EB0C-49AA-BAEF-19870BE44843}.Release|Any CPU.ActiveCfg = Release|iPhone
		{872A0E69-EB0C-49AA-BAEF-19870BE44843}.Release|ARM.ActiveCfg = Release|iPhone
		{872A0E69-EB0C-49AA-BAEF-19870BE44843}.Release|ARM64.ActiveCfg = Release|iPhoneSimulator
		{872A0E69-EB0C-49AA-BAEF-19870BE44843}.Release|iPhone.ActiveCfg = Release|iPhone
		{872A0E69-EB0C-49AA-BAEF-19870BE44843}.Release|iPhone.Build.0 = Release|iPhone
		{872A0E69-EB0C-49AA-BAEF-19870BE44843}.Release|iPhone.Deploy.0 = Release|iPhone
		{872A0E69-EB0C-49AA-BAEF-19870BE44843}.Release|iPhoneSimulator.ActiveCfg = Release|iPhoneSimulator
		{872A0E69-EB0C-49AA-BAEF-19870BE44843}.Release|iPhoneSimulator.Build.0 = Release|iPhoneSimulator
		{872A0E69-EB0C-49AA-BAEF-19870BE44843}.Release|iPhoneSimulator.Deploy.0 = Release|iPhoneSimulator
		{872A0E69-EB0C-49AA-BAEF-19870BE44843}.Release|x64.ActiveCfg = Release|iPhone
		{872A0E69-EB0C-49AA-BAEF-19870BE44843}.Release|x86.ActiveCfg = Release|iPhone
		{03CE3015-A733-4DB2-BFBE-4F7C37805037}.Debug|Any CPU.ActiveCfg = Debug|Any CPU
		{03CE3015-A733-4DB2-BFBE-4F7C37805037}.Debug|Any CPU.Build.0 = Debug|Any CPU
		{03CE3015-A733-4DB2-BFBE-4F7C37805037}.Debug|ARM.ActiveCfg = Debug|Any CPU
		{03CE3015-A733-4DB2-BFBE-4F7C37805037}.Debug|ARM.Build.0 = Debug|Any CPU
		{03CE3015-A733-4DB2-BFBE-4F7C37805037}.Debug|ARM64.ActiveCfg = Debug|Any CPU
		{03CE3015-A733-4DB2-BFBE-4F7C37805037}.Debug|ARM64.Build.0 = Debug|Any CPU
		{03CE3015-A733-4DB2-BFBE-4F7C37805037}.Debug|iPhone.ActiveCfg = Debug|Any CPU
		{03CE3015-A733-4DB2-BFBE-4F7C37805037}.Debug|iPhone.Build.0 = Debug|Any CPU
		{03CE3015-A733-4DB2-BFBE-4F7C37805037}.Debug|iPhoneSimulator.ActiveCfg = Debug|Any CPU
		{03CE3015-A733-4DB2-BFBE-4F7C37805037}.Debug|iPhoneSimulator.Build.0 = Debug|Any CPU
		{03CE3015-A733-4DB2-BFBE-4F7C37805037}.Debug|x64.ActiveCfg = Debug|Any CPU
		{03CE3015-A733-4DB2-BFBE-4F7C37805037}.Debug|x64.Build.0 = Debug|Any CPU
		{03CE3015-A733-4DB2-BFBE-4F7C37805037}.Debug|x86.ActiveCfg = Debug|Any CPU
		{03CE3015-A733-4DB2-BFBE-4F7C37805037}.Debug|x86.Build.0 = Debug|Any CPU
		{03CE3015-A733-4DB2-BFBE-4F7C37805037}.Release|Any CPU.ActiveCfg = Release|Any CPU
		{03CE3015-A733-4DB2-BFBE-4F7C37805037}.Release|Any CPU.Build.0 = Release|Any CPU
		{03CE3015-A733-4DB2-BFBE-4F7C37805037}.Release|ARM.ActiveCfg = Release|Any CPU
		{03CE3015-A733-4DB2-BFBE-4F7C37805037}.Release|ARM.Build.0 = Release|Any CPU
		{03CE3015-A733-4DB2-BFBE-4F7C37805037}.Release|ARM64.ActiveCfg = Release|Any CPU
		{03CE3015-A733-4DB2-BFBE-4F7C37805037}.Release|ARM64.Build.0 = Release|Any CPU
		{03CE3015-A733-4DB2-BFBE-4F7C37805037}.Release|iPhone.ActiveCfg = Release|Any CPU
		{03CE3015-A733-4DB2-BFBE-4F7C37805037}.Release|iPhone.Build.0 = Release|Any CPU
		{03CE3015-A733-4DB2-BFBE-4F7C37805037}.Release|iPhoneSimulator.ActiveCfg = Release|Any CPU
		{03CE3015-A733-4DB2-BFBE-4F7C37805037}.Release|iPhoneSimulator.Build.0 = Release|Any CPU
		{03CE3015-A733-4DB2-BFBE-4F7C37805037}.Release|x64.ActiveCfg = Release|Any CPU
		{03CE3015-A733-4DB2-BFBE-4F7C37805037}.Release|x64.Build.0 = Release|Any CPU
		{03CE3015-A733-4DB2-BFBE-4F7C37805037}.Release|x86.ActiveCfg = Release|Any CPU
		{03CE3015-A733-4DB2-BFBE-4F7C37805037}.Release|x86.Build.0 = Release|Any CPU
		{F94F9E8A-E239-45EA-9C61-C7855C8B6F25}.Debug|Any CPU.ActiveCfg = Debug|Any CPU
		{F94F9E8A-E239-45EA-9C61-C7855C8B6F25}.Debug|Any CPU.Build.0 = Debug|Any CPU
		{F94F9E8A-E239-45EA-9C61-C7855C8B6F25}.Debug|ARM.ActiveCfg = Debug|Any CPU
		{F94F9E8A-E239-45EA-9C61-C7855C8B6F25}.Debug|ARM.Build.0 = Debug|Any CPU
		{F94F9E8A-E239-45EA-9C61-C7855C8B6F25}.Debug|ARM64.ActiveCfg = Debug|Any CPU
		{F94F9E8A-E239-45EA-9C61-C7855C8B6F25}.Debug|ARM64.Build.0 = Debug|Any CPU
		{F94F9E8A-E239-45EA-9C61-C7855C8B6F25}.Debug|iPhone.ActiveCfg = Debug|Any CPU
		{F94F9E8A-E239-45EA-9C61-C7855C8B6F25}.Debug|iPhone.Build.0 = Debug|Any CPU
		{F94F9E8A-E239-45EA-9C61-C7855C8B6F25}.Debug|iPhoneSimulator.ActiveCfg = Debug|Any CPU
		{F94F9E8A-E239-45EA-9C61-C7855C8B6F25}.Debug|iPhoneSimulator.Build.0 = Debug|Any CPU
		{F94F9E8A-E239-45EA-9C61-C7855C8B6F25}.Debug|x64.ActiveCfg = Debug|Any CPU
		{F94F9E8A-E239-45EA-9C61-C7855C8B6F25}.Debug|x64.Build.0 = Debug|Any CPU
		{F94F9E8A-E239-45EA-9C61-C7855C8B6F25}.Debug|x86.ActiveCfg = Debug|Any CPU
		{F94F9E8A-E239-45EA-9C61-C7855C8B6F25}.Debug|x86.Build.0 = Debug|Any CPU
		{F94F9E8A-E239-45EA-9C61-C7855C8B6F25}.Release|Any CPU.ActiveCfg = Release|Any CPU
		{F94F9E8A-E239-45EA-9C61-C7855C8B6F25}.Release|Any CPU.Build.0 = Release|Any CPU
		{F94F9E8A-E239-45EA-9C61-C7855C8B6F25}.Release|ARM.ActiveCfg = Release|Any CPU
		{F94F9E8A-E239-45EA-9C61-C7855C8B6F25}.Release|ARM.Build.0 = Release|Any CPU
		{F94F9E8A-E239-45EA-9C61-C7855C8B6F25}.Release|ARM64.ActiveCfg = Release|Any CPU
		{F94F9E8A-E239-45EA-9C61-C7855C8B6F25}.Release|ARM64.Build.0 = Release|Any CPU
		{F94F9E8A-E239-45EA-9C61-C7855C8B6F25}.Release|iPhone.ActiveCfg = Release|Any CPU
		{F94F9E8A-E239-45EA-9C61-C7855C8B6F25}.Release|iPhone.Build.0 = Release|Any CPU
		{F94F9E8A-E239-45EA-9C61-C7855C8B6F25}.Release|iPhoneSimulator.ActiveCfg = Release|Any CPU
		{F94F9E8A-E239-45EA-9C61-C7855C8B6F25}.Release|iPhoneSimulator.Build.0 = Release|Any CPU
		{F94F9E8A-E239-45EA-9C61-C7855C8B6F25}.Release|x64.ActiveCfg = Release|Any CPU
		{F94F9E8A-E239-45EA-9C61-C7855C8B6F25}.Release|x64.Build.0 = Release|Any CPU
		{F94F9E8A-E239-45EA-9C61-C7855C8B6F25}.Release|x86.ActiveCfg = Release|Any CPU
		{F94F9E8A-E239-45EA-9C61-C7855C8B6F25}.Release|x86.Build.0 = Release|Any CPU
		{D7856971-D877-4CB1-A08C-C2A763EBFAD1}.Debug|Any CPU.ActiveCfg = Debug|Any CPU
		{D7856971-D877-4CB1-A08C-C2A763EBFAD1}.Debug|Any CPU.Build.0 = Debug|Any CPU
		{D7856971-D877-4CB1-A08C-C2A763EBFAD1}.Debug|ARM.ActiveCfg = Debug|Any CPU
		{D7856971-D877-4CB1-A08C-C2A763EBFAD1}.Debug|ARM.Build.0 = Debug|Any CPU
		{D7856971-D877-4CB1-A08C-C2A763EBFAD1}.Debug|ARM64.ActiveCfg = Debug|Any CPU
		{D7856971-D877-4CB1-A08C-C2A763EBFAD1}.Debug|ARM64.Build.0 = Debug|Any CPU
		{D7856971-D877-4CB1-A08C-C2A763EBFAD1}.Debug|iPhone.ActiveCfg = Debug|Any CPU
		{D7856971-D877-4CB1-A08C-C2A763EBFAD1}.Debug|iPhone.Build.0 = Debug|Any CPU
		{D7856971-D877-4CB1-A08C-C2A763EBFAD1}.Debug|iPhoneSimulator.ActiveCfg = Debug|Any CPU
		{D7856971-D877-4CB1-A08C-C2A763EBFAD1}.Debug|iPhoneSimulator.Build.0 = Debug|Any CPU
		{D7856971-D877-4CB1-A08C-C2A763EBFAD1}.Debug|x64.ActiveCfg = Debug|x64
		{D7856971-D877-4CB1-A08C-C2A763EBFAD1}.Debug|x64.Build.0 = Debug|x64
		{D7856971-D877-4CB1-A08C-C2A763EBFAD1}.Debug|x86.ActiveCfg = Debug|Any CPU
		{D7856971-D877-4CB1-A08C-C2A763EBFAD1}.Debug|x86.Build.0 = Debug|Any CPU
		{D7856971-D877-4CB1-A08C-C2A763EBFAD1}.Release|Any CPU.ActiveCfg = Release|Any CPU
		{D7856971-D877-4CB1-A08C-C2A763EBFAD1}.Release|Any CPU.Build.0 = Release|Any CPU
		{D7856971-D877-4CB1-A08C-C2A763EBFAD1}.Release|ARM.ActiveCfg = Release|Any CPU
		{D7856971-D877-4CB1-A08C-C2A763EBFAD1}.Release|ARM.Build.0 = Release|Any CPU
		{D7856971-D877-4CB1-A08C-C2A763EBFAD1}.Release|ARM64.ActiveCfg = Release|Any CPU
		{D7856971-D877-4CB1-A08C-C2A763EBFAD1}.Release|ARM64.Build.0 = Release|Any CPU
		{D7856971-D877-4CB1-A08C-C2A763EBFAD1}.Release|iPhone.ActiveCfg = Release|Any CPU
		{D7856971-D877-4CB1-A08C-C2A763EBFAD1}.Release|iPhone.Build.0 = Release|Any CPU
		{D7856971-D877-4CB1-A08C-C2A763EBFAD1}.Release|iPhoneSimulator.ActiveCfg = Release|Any CPU
		{D7856971-D877-4CB1-A08C-C2A763EBFAD1}.Release|iPhoneSimulator.Build.0 = Release|Any CPU
		{D7856971-D877-4CB1-A08C-C2A763EBFAD1}.Release|x64.ActiveCfg = Release|x64
		{D7856971-D877-4CB1-A08C-C2A763EBFAD1}.Release|x64.Build.0 = Release|x64
		{D7856971-D877-4CB1-A08C-C2A763EBFAD1}.Release|x86.ActiveCfg = Release|Any CPU
		{D7856971-D877-4CB1-A08C-C2A763EBFAD1}.Release|x86.Build.0 = Release|Any CPU
		{8E7279F8-F801-4672-B42F-1ED2C68B16A4}.Debug|Any CPU.ActiveCfg = Release|Win32
		{8E7279F8-F801-4672-B42F-1ED2C68B16A4}.Debug|Any CPU.Build.0 = Release|Win32
		{8E7279F8-F801-4672-B42F-1ED2C68B16A4}.Debug|ARM.ActiveCfg = Release|Win32
		{8E7279F8-F801-4672-B42F-1ED2C68B16A4}.Debug|ARM.Build.0 = Release|Win32
		{8E7279F8-F801-4672-B42F-1ED2C68B16A4}.Debug|ARM64.ActiveCfg = Release|Win32
		{8E7279F8-F801-4672-B42F-1ED2C68B16A4}.Debug|ARM64.Build.0 = Release|Win32
		{8E7279F8-F801-4672-B42F-1ED2C68B16A4}.Debug|iPhone.ActiveCfg = Release|Win32
		{8E7279F8-F801-4672-B42F-1ED2C68B16A4}.Debug|iPhone.Build.0 = Release|Win32
		{8E7279F8-F801-4672-B42F-1ED2C68B16A4}.Debug|iPhoneSimulator.ActiveCfg = Release|Win32
		{8E7279F8-F801-4672-B42F-1ED2C68B16A4}.Debug|iPhoneSimulator.Build.0 = Release|Win32
		{8E7279F8-F801-4672-B42F-1ED2C68B16A4}.Debug|x64.ActiveCfg = Release|x64
		{8E7279F8-F801-4672-B42F-1ED2C68B16A4}.Debug|x64.Build.0 = Release|x64
		{8E7279F8-F801-4672-B42F-1ED2C68B16A4}.Debug|x86.ActiveCfg = Release|Win32
		{8E7279F8-F801-4672-B42F-1ED2C68B16A4}.Debug|x86.Build.0 = Release|Win32
		{8E7279F8-F801-4672-B42F-1ED2C68B16A4}.Release|Any CPU.ActiveCfg = Release|Win32
		{8E7279F8-F801-4672-B42F-1ED2C68B16A4}.Release|ARM.ActiveCfg = Release|Win32
		{8E7279F8-F801-4672-B42F-1ED2C68B16A4}.Release|ARM64.ActiveCfg = Release|Win32
		{8E7279F8-F801-4672-B42F-1ED2C68B16A4}.Release|iPhone.ActiveCfg = Release|Win32
		{8E7279F8-F801-4672-B42F-1ED2C68B16A4}.Release|iPhoneSimulator.ActiveCfg = Release|Win32
		{8E7279F8-F801-4672-B42F-1ED2C68B16A4}.Release|x64.ActiveCfg = Release|x64
		{8E7279F8-F801-4672-B42F-1ED2C68B16A4}.Release|x64.Build.0 = Release|x64
		{8E7279F8-F801-4672-B42F-1ED2C68B16A4}.Release|x86.ActiveCfg = Release|Win32
		{8E7279F8-F801-4672-B42F-1ED2C68B16A4}.Release|x86.Build.0 = Release|Win32
		{707296F9-6AEF-4548-A66D-4CF3E5795B1A}.Debug|Any CPU.ActiveCfg = Release|ARM64
		{707296F9-6AEF-4548-A66D-4CF3E5795B1A}.Debug|Any CPU.Build.0 = Release|ARM64
		{707296F9-6AEF-4548-A66D-4CF3E5795B1A}.Debug|ARM.ActiveCfg = Release|ARM
		{707296F9-6AEF-4548-A66D-4CF3E5795B1A}.Debug|ARM.Build.0 = Release|ARM
		{707296F9-6AEF-4548-A66D-4CF3E5795B1A}.Debug|ARM64.ActiveCfg = Release|ARM64
		{707296F9-6AEF-4548-A66D-4CF3E5795B1A}.Debug|ARM64.Build.0 = Release|ARM64
		{707296F9-6AEF-4548-A66D-4CF3E5795B1A}.Debug|iPhone.ActiveCfg = Release|ARM64
		{707296F9-6AEF-4548-A66D-4CF3E5795B1A}.Debug|iPhone.Build.0 = Release|ARM64
		{707296F9-6AEF-4548-A66D-4CF3E5795B1A}.Debug|iPhoneSimulator.ActiveCfg = Release|ARM64
		{707296F9-6AEF-4548-A66D-4CF3E5795B1A}.Debug|iPhoneSimulator.Build.0 = Release|ARM64
		{707296F9-6AEF-4548-A66D-4CF3E5795B1A}.Debug|x64.ActiveCfg = Release|x64
		{707296F9-6AEF-4548-A66D-4CF3E5795B1A}.Debug|x64.Build.0 = Release|x64
		{707296F9-6AEF-4548-A66D-4CF3E5795B1A}.Debug|x86.ActiveCfg = Release|x86
		{707296F9-6AEF-4548-A66D-4CF3E5795B1A}.Debug|x86.Build.0 = Release|x86
		{707296F9-6AEF-4548-A66D-4CF3E5795B1A}.Release|Any CPU.ActiveCfg = Release|x86
		{707296F9-6AEF-4548-A66D-4CF3E5795B1A}.Release|ARM.ActiveCfg = Release|ARM
		{707296F9-6AEF-4548-A66D-4CF3E5795B1A}.Release|ARM.Build.0 = Release|ARM
		{707296F9-6AEF-4548-A66D-4CF3E5795B1A}.Release|ARM64.ActiveCfg = Release|ARM64
		{707296F9-6AEF-4548-A66D-4CF3E5795B1A}.Release|ARM64.Build.0 = Release|ARM64
		{707296F9-6AEF-4548-A66D-4CF3E5795B1A}.Release|iPhone.ActiveCfg = Release|x86
		{707296F9-6AEF-4548-A66D-4CF3E5795B1A}.Release|iPhoneSimulator.ActiveCfg = Release|x86
		{707296F9-6AEF-4548-A66D-4CF3E5795B1A}.Release|x64.ActiveCfg = Release|x64
		{707296F9-6AEF-4548-A66D-4CF3E5795B1A}.Release|x64.Build.0 = Release|x64
		{707296F9-6AEF-4548-A66D-4CF3E5795B1A}.Release|x86.ActiveCfg = Release|x86
		{707296F9-6AEF-4548-A66D-4CF3E5795B1A}.Release|x86.Build.0 = Release|x86
		{405F5C9F-33AB-450A-9DD0-1D98ECE19E73}.Debug|Any CPU.ActiveCfg = Debug|Any CPU
		{405F5C9F-33AB-450A-9DD0-1D98ECE19E73}.Debug|Any CPU.Build.0 = Debug|Any CPU
		{405F5C9F-33AB-450A-9DD0-1D98ECE19E73}.Debug|ARM.ActiveCfg = Debug|Any CPU
		{405F5C9F-33AB-450A-9DD0-1D98ECE19E73}.Debug|ARM.Build.0 = Debug|Any CPU
		{405F5C9F-33AB-450A-9DD0-1D98ECE19E73}.Debug|ARM64.ActiveCfg = Debug|Any CPU
		{405F5C9F-33AB-450A-9DD0-1D98ECE19E73}.Debug|ARM64.Build.0 = Debug|Any CPU
		{405F5C9F-33AB-450A-9DD0-1D98ECE19E73}.Debug|iPhone.ActiveCfg = Debug|Any CPU
		{405F5C9F-33AB-450A-9DD0-1D98ECE19E73}.Debug|iPhone.Build.0 = Debug|Any CPU
		{405F5C9F-33AB-450A-9DD0-1D98ECE19E73}.Debug|iPhoneSimulator.ActiveCfg = Debug|Any CPU
		{405F5C9F-33AB-450A-9DD0-1D98ECE19E73}.Debug|iPhoneSimulator.Build.0 = Debug|Any CPU
		{405F5C9F-33AB-450A-9DD0-1D98ECE19E73}.Debug|x64.ActiveCfg = Debug|Any CPU
		{405F5C9F-33AB-450A-9DD0-1D98ECE19E73}.Debug|x64.Build.0 = Debug|Any CPU
		{405F5C9F-33AB-450A-9DD0-1D98ECE19E73}.Debug|x86.ActiveCfg = Debug|Any CPU
		{405F5C9F-33AB-450A-9DD0-1D98ECE19E73}.Debug|x86.Build.0 = Debug|Any CPU
		{405F5C9F-33AB-450A-9DD0-1D98ECE19E73}.Release|Any CPU.ActiveCfg = Release|Any CPU
		{405F5C9F-33AB-450A-9DD0-1D98ECE19E73}.Release|Any CPU.Build.0 = Release|Any CPU
		{405F5C9F-33AB-450A-9DD0-1D98ECE19E73}.Release|ARM.ActiveCfg = Release|Any CPU
		{405F5C9F-33AB-450A-9DD0-1D98ECE19E73}.Release|ARM.Build.0 = Release|Any CPU
		{405F5C9F-33AB-450A-9DD0-1D98ECE19E73}.Release|ARM64.ActiveCfg = Release|Any CPU
		{405F5C9F-33AB-450A-9DD0-1D98ECE19E73}.Release|ARM64.Build.0 = Release|Any CPU
		{405F5C9F-33AB-450A-9DD0-1D98ECE19E73}.Release|iPhone.ActiveCfg = Release|Any CPU
		{405F5C9F-33AB-450A-9DD0-1D98ECE19E73}.Release|iPhone.Build.0 = Release|Any CPU
		{405F5C9F-33AB-450A-9DD0-1D98ECE19E73}.Release|iPhoneSimulator.ActiveCfg = Release|Any CPU
		{405F5C9F-33AB-450A-9DD0-1D98ECE19E73}.Release|iPhoneSimulator.Build.0 = Release|Any CPU
		{405F5C9F-33AB-450A-9DD0-1D98ECE19E73}.Release|x64.ActiveCfg = Release|Any CPU
		{405F5C9F-33AB-450A-9DD0-1D98ECE19E73}.Release|x64.Build.0 = Release|Any CPU
		{405F5C9F-33AB-450A-9DD0-1D98ECE19E73}.Release|x86.ActiveCfg = Release|Any CPU
		{405F5C9F-33AB-450A-9DD0-1D98ECE19E73}.Release|x86.Build.0 = Release|Any CPU
		{EE8E0CD5-E380-472E-B26C-BF921B1DB23D}.Debug|Any CPU.ActiveCfg = Debug|Any CPU
		{EE8E0CD5-E380-472E-B26C-BF921B1DB23D}.Debug|Any CPU.Build.0 = Debug|Any CPU
		{EE8E0CD5-E380-472E-B26C-BF921B1DB23D}.Debug|ARM.ActiveCfg = Debug|Any CPU
		{EE8E0CD5-E380-472E-B26C-BF921B1DB23D}.Debug|ARM.Build.0 = Debug|Any CPU
		{EE8E0CD5-E380-472E-B26C-BF921B1DB23D}.Debug|ARM64.ActiveCfg = Debug|Any CPU
		{EE8E0CD5-E380-472E-B26C-BF921B1DB23D}.Debug|ARM64.Build.0 = Debug|Any CPU
		{EE8E0CD5-E380-472E-B26C-BF921B1DB23D}.Debug|iPhone.ActiveCfg = Debug|Any CPU
		{EE8E0CD5-E380-472E-B26C-BF921B1DB23D}.Debug|iPhone.Build.0 = Debug|Any CPU
		{EE8E0CD5-E380-472E-B26C-BF921B1DB23D}.Debug|iPhoneSimulator.ActiveCfg = Debug|Any CPU
		{EE8E0CD5-E380-472E-B26C-BF921B1DB23D}.Debug|iPhoneSimulator.Build.0 = Debug|Any CPU
		{EE8E0CD5-E380-472E-B26C-BF921B1DB23D}.Debug|x64.ActiveCfg = Debug|Any CPU
		{EE8E0CD5-E380-472E-B26C-BF921B1DB23D}.Debug|x64.Build.0 = Debug|Any CPU
		{EE8E0CD5-E380-472E-B26C-BF921B1DB23D}.Debug|x86.ActiveCfg = Debug|Any CPU
		{EE8E0CD5-E380-472E-B26C-BF921B1DB23D}.Debug|x86.Build.0 = Debug|Any CPU
		{EE8E0CD5-E380-472E-B26C-BF921B1DB23D}.Release|Any CPU.ActiveCfg = Release|Any CPU
		{EE8E0CD5-E380-472E-B26C-BF921B1DB23D}.Release|Any CPU.Build.0 = Release|Any CPU
		{EE8E0CD5-E380-472E-B26C-BF921B1DB23D}.Release|ARM.ActiveCfg = Release|Any CPU
		{EE8E0CD5-E380-472E-B26C-BF921B1DB23D}.Release|ARM.Build.0 = Release|Any CPU
		{EE8E0CD5-E380-472E-B26C-BF921B1DB23D}.Release|ARM64.ActiveCfg = Release|Any CPU
		{EE8E0CD5-E380-472E-B26C-BF921B1DB23D}.Release|ARM64.Build.0 = Release|Any CPU
		{EE8E0CD5-E380-472E-B26C-BF921B1DB23D}.Release|iPhone.ActiveCfg = Release|Any CPU
		{EE8E0CD5-E380-472E-B26C-BF921B1DB23D}.Release|iPhone.Build.0 = Release|Any CPU
		{EE8E0CD5-E380-472E-B26C-BF921B1DB23D}.Release|iPhoneSimulator.ActiveCfg = Release|Any CPU
		{EE8E0CD5-E380-472E-B26C-BF921B1DB23D}.Release|iPhoneSimulator.Build.0 = Release|Any CPU
		{EE8E0CD5-E380-472E-B26C-BF921B1DB23D}.Release|x64.ActiveCfg = Release|Any CPU
		{EE8E0CD5-E380-472E-B26C-BF921B1DB23D}.Release|x64.Build.0 = Release|Any CPU
		{EE8E0CD5-E380-472E-B26C-BF921B1DB23D}.Release|x86.ActiveCfg = Release|Any CPU
		{EE8E0CD5-E380-472E-B26C-BF921B1DB23D}.Release|x86.Build.0 = Release|Any CPU
	EndGlobalSection
	GlobalSection(SolutionProperties) = preSolution
		HideSolutionNode = FALSE
	EndGlobalSection
	GlobalSection(NestedProjects) = preSolution
		{03CE3015-A733-4DB2-BFBE-4F7C37805037} = {3B7EEAB4-6480-4B77-84BD-8DB7B2470999}
		{F94F9E8A-E239-45EA-9C61-C7855C8B6F25} = {3B7EEAB4-6480-4B77-84BD-8DB7B2470999}
		{D7856971-D877-4CB1-A08C-C2A763EBFAD1} = {3B7EEAB4-6480-4B77-84BD-8DB7B2470999}
		{8E7279F8-F801-4672-B42F-1ED2C68B16A4} = {3B7EEAB4-6480-4B77-84BD-8DB7B2470999}
		{707296F9-6AEF-4548-A66D-4CF3E5795B1A} = {3B7EEAB4-6480-4B77-84BD-8DB7B2470999}
		{EE8E0CD5-E380-472E-B26C-BF921B1DB23D} = {3B7EEAB4-6480-4B77-84BD-8DB7B2470999}
	EndGlobalSection
	GlobalSection(ExtensibilityGlobals) = postSolution
		SolutionGuid = {7C7E467D-8191-4CF6-882D-D404B3E18C10}
	EndGlobalSection
EndGlobal
